
Microsoft Visual Studio Solution File, Format Version 12.00
# Visual Studio Version 16
VisualStudioVersion = 16.0.29806.167
MinimumVisualStudioVersion = 10.0.40219.1
Project("{9A19103F-16F7-4668-BE54-9A1E7A4F7556}") = "HoneyComb", "src\HoneyComb\HoneyComb.csproj", "{08211FA1-595C-47BC-8324-CD7D4E1604E9}"
EndProject
Project("{9A19103F-16F7-4668-BE54-9A1E7A4F7556}") = "HoneyComb.WebApi", "src\HoneyComb.WebApi\HoneyComb.WebApi.csproj", "{19956715-4ABC-4DF1-BF7F-6167E855E659}"
EndProject
Project("{2150E333-8FDC-42A3-9474-1A3956D46DE8}") = "samples", "samples", "{3B246F1F-F430-48A8-A731-2B04CB3569DA}"
EndProject
Project("{9A19103F-16F7-4668-BE54-9A1E7A4F7556}") = "WebApi", "samples\WebApi\WebApi.csproj", "{5271B924-C2DD-4C7A-BF15-4885DF73126B}"
EndProject
Project("{9A19103F-16F7-4668-BE54-9A1E7A4F7556}") = "HoneyComb.CQRS.Events", "src\HoneyComb.CQRS.Events\HoneyComb.CQRS.Events.csproj", "{D6209F7F-62B3-4746-BDE5-BE736D29DBF6}"
EndProject
Project("{9A19103F-16F7-4668-BE54-9A1E7A4F7556}") = "HoneyComb.CQRS.Commands", "src\HoneyComb.CQRS.Commands\HoneyComb.CQRS.Commands.csproj", "{517026CF-79E8-4C44-AFA8-1B90695CCA72}"
EndProject
Project("{9A19103F-16F7-4668-BE54-9A1E7A4F7556}") = "HoneyComb.WebApi.CQRS", "src\HoneyComb.WebApi.CQRS\HoneyComb.WebApi.CQRS.csproj", "{BE214F53-EDC2-49AA-AA62-163CAA425AF5}"
EndProject
Project("{9A19103F-16F7-4668-BE54-9A1E7A4F7556}") = "HoneyComb.CQRS.Queries", "src\HoneyComb.CQRS.Queries\HoneyComb.CQRS.Queries.csproj", "{E605690D-5B95-4A3D-ABED-25515920B9B2}"
EndProject
Project("{9A19103F-16F7-4668-BE54-9A1E7A4F7556}") = "HoneyComb.MongoDB", "src\HoneyComb.MongoDB\HoneyComb.MongoDB.csproj", "{0FC8C3F9-7D93-4700-A19B-E9A9B06479D4}"
EndProject
Project("{9A19103F-16F7-4668-BE54-9A1E7A4F7556}") = "HoneyComb.HTTP", "src\HoneyComb.HTTP\HoneyComb.HTTP.csproj", "{AD92CA5C-EFDB-4FFF-87DE-C738F5861B92}"
EndProject
Project("{9A19103F-16F7-4668-BE54-9A1E7A4F7556}") = "HoneyComb.MessageBroker", "src\HoneyComb.MessageBroker\HoneyComb.MessageBroker.csproj", "{BDE8E53F-94D9-43D7-A6E9-9F8B7EB3B86F}"
EndProject
Project("{2150E333-8FDC-42A3-9474-1A3956D46DE8}") = "MessageBroker", "MessageBroker", "{081CFE6C-CF31-4C06-A7BB-57AA2C39DBC0}"
EndProject
Project("{9A19103F-16F7-4668-BE54-9A1E7A4F7556}") = "HoneyComb.MessageBroker.CQRS", "src\HoneyComb.MessageBroker.CQRS\HoneyComb.MessageBroker.CQRS.csproj", "{1816EC3D-7A7F-4295-A101-CD8576C79F27}"
EndProject
Project("{9A19103F-16F7-4668-BE54-9A1E7A4F7556}") = "HoneyComb.MessageBroker.RabbitMQ", "src\HoneyComb.MessageBroker.RabbitMQ\HoneyComb.MessageBroker.RabbitMQ.csproj", "{7E9F0F47-3AEF-4D68-AD86-12F4D3C2568C}"
EndProject
Project("{9A19103F-16F7-4668-BE54-9A1E7A4F7556}") = "HoneyComb.Figlet", "src\HoneyComb.Figlet\HoneyComb.Figlet.csproj", "{64BDBD28-2FAA-4A74-9C19-88716F86697E}"
EndProject
Project("{9A19103F-16F7-4668-BE54-9A1E7A4F7556}") = "HoneyComb.Logging", "src\HoneyComb.Logging\HoneyComb.Logging.csproj", "{40A8F6E8-1085-48C0-8813-03EE79AE7EF5}"
EndProject
Project("{2150E333-8FDC-42A3-9474-1A3956D46DE8}") = "WebApi", "WebApi", "{2D72DCD9-7965-4351-BD82-BA10882A7B46}"
EndProject
Project("{FAE04EC0-301F-11D3-BF4B-00C04F79EFBC}") = "HoneyComb.WebApi.Dispatcher", "src\HoneyComb.WebApi.Dispatcher\HoneyComb.WebApi.Dispatcher.csproj", "{2F44A18D-C3F2-43D8-9D0B-5146911296A4}"
EndProject
Global
	GlobalSection(SolutionConfigurationPlatforms) = preSolution
		Debug|Any CPU = Debug|Any CPU
		Release|Any CPU = Release|Any CPU
	EndGlobalSection
	GlobalSection(ProjectConfigurationPlatforms) = postSolution
		{08211FA1-595C-47BC-8324-CD7D4E1604E9}.Debug|Any CPU.ActiveCfg = Debug|Any CPU
		{08211FA1-595C-47BC-8324-CD7D4E1604E9}.Debug|Any CPU.Build.0 = Debug|Any CPU
		{08211FA1-595C-47BC-8324-CD7D4E1604E9}.Release|Any CPU.ActiveCfg = Release|Any CPU
		{08211FA1-595C-47BC-8324-CD7D4E1604E9}.Release|Any CPU.Build.0 = Release|Any CPU
		{19956715-4ABC-4DF1-BF7F-6167E855E659}.Debug|Any CPU.ActiveCfg = Debug|Any CPU
		{19956715-4ABC-4DF1-BF7F-6167E855E659}.Debug|Any CPU.Build.0 = Debug|Any CPU
		{19956715-4ABC-4DF1-BF7F-6167E855E659}.Release|Any CPU.ActiveCfg = Release|Any CPU
		{19956715-4ABC-4DF1-BF7F-6167E855E659}.Release|Any CPU.Build.0 = Release|Any CPU
		{5271B924-C2DD-4C7A-BF15-4885DF73126B}.Debug|Any CPU.ActiveCfg = Debug|Any CPU
		{5271B924-C2DD-4C7A-BF15-4885DF73126B}.Debug|Any CPU.Build.0 = Debug|Any CPU
		{5271B924-C2DD-4C7A-BF15-4885DF73126B}.Release|Any CPU.ActiveCfg = Release|Any CPU
		{5271B924-C2DD-4C7A-BF15-4885DF73126B}.Release|Any CPU.Build.0 = Release|Any CPU
		{D6209F7F-62B3-4746-BDE5-BE736D29DBF6}.Debug|Any CPU.ActiveCfg = Debug|Any CPU
		{D6209F7F-62B3-4746-BDE5-BE736D29DBF6}.Debug|Any CPU.Build.0 = Debug|Any CPU
		{D6209F7F-62B3-4746-BDE5-BE736D29DBF6}.Release|Any CPU.ActiveCfg = Release|Any CPU
		{D6209F7F-62B3-4746-BDE5-BE736D29DBF6}.Release|Any CPU.Build.0 = Release|Any CPU
		{517026CF-79E8-4C44-AFA8-1B90695CCA72}.Debug|Any CPU.ActiveCfg = Debug|Any CPU
		{517026CF-79E8-4C44-AFA8-1B90695CCA72}.Debug|Any CPU.Build.0 = Debug|Any CPU
		{517026CF-79E8-4C44-AFA8-1B90695CCA72}.Release|Any CPU.ActiveCfg = Release|Any CPU
		{517026CF-79E8-4C44-AFA8-1B90695CCA72}.Release|Any CPU.Build.0 = Release|Any CPU
		{BE214F53-EDC2-49AA-AA62-163CAA425AF5}.Debug|Any CPU.ActiveCfg = Debug|Any CPU
		{BE214F53-EDC2-49AA-AA62-163CAA425AF5}.Debug|Any CPU.Build.0 = Debug|Any CPU
		{BE214F53-EDC2-49AA-AA62-163CAA425AF5}.Release|Any CPU.ActiveCfg = Release|Any CPU
		{BE214F53-EDC2-49AA-AA62-163CAA425AF5}.Release|Any CPU.Build.0 = Release|Any CPU
		{E605690D-5B95-4A3D-ABED-25515920B9B2}.Debug|Any CPU.ActiveCfg = Debug|Any CPU
		{E605690D-5B95-4A3D-ABED-25515920B9B2}.Debug|Any CPU.Build.0 = Debug|Any CPU
		{E605690D-5B95-4A3D-ABED-25515920B9B2}.Release|Any CPU.ActiveCfg = Release|Any CPU
		{E605690D-5B95-4A3D-ABED-25515920B9B2}.Release|Any CPU.Build.0 = Release|Any CPU
		{0FC8C3F9-7D93-4700-A19B-E9A9B06479D4}.Debug|Any CPU.ActiveCfg = Debug|Any CPU
		{0FC8C3F9-7D93-4700-A19B-E9A9B06479D4}.Debug|Any CPU.Build.0 = Debug|Any CPU
		{0FC8C3F9-7D93-4700-A19B-E9A9B06479D4}.Release|Any CPU.ActiveCfg = Release|Any CPU
		{0FC8C3F9-7D93-4700-A19B-E9A9B06479D4}.Release|Any CPU.Build.0 = Release|Any CPU
		{AD92CA5C-EFDB-4FFF-87DE-C738F5861B92}.Debug|Any CPU.ActiveCfg = Debug|Any CPU
		{AD92CA5C-EFDB-4FFF-87DE-C738F5861B92}.Debug|Any CPU.Build.0 = Debug|Any CPU
		{AD92CA5C-EFDB-4FFF-87DE-C738F5861B92}.Release|Any CPU.ActiveCfg = Release|Any CPU
		{AD92CA5C-EFDB-4FFF-87DE-C738F5861B92}.Release|Any CPU.Build.0 = Release|Any CPU
		{BDE8E53F-94D9-43D7-A6E9-9F8B7EB3B86F}.Debug|Any CPU.ActiveCfg = Debug|Any CPU
		{BDE8E53F-94D9-43D7-A6E9-9F8B7EB3B86F}.Debug|Any CPU.Build.0 = Debug|Any CPU
		{BDE8E53F-94D9-43D7-A6E9-9F8B7EB3B86F}.Release|Any CPU.ActiveCfg = Release|Any CPU
		{BDE8E53F-94D9-43D7-A6E9-9F8B7EB3B86F}.Release|Any CPU.Build.0 = Release|Any CPU
		{1816EC3D-7A7F-4295-A101-CD8576C79F27}.Debug|Any CPU.ActiveCfg = Debug|Any CPU
		{1816EC3D-7A7F-4295-A101-CD8576C79F27}.Debug|Any CPU.Build.0 = Debug|Any CPU
		{1816EC3D-7A7F-4295-A101-CD8576C79F27}.Release|Any CPU.ActiveCfg = Release|Any CPU
		{1816EC3D-7A7F-4295-A101-CD8576C79F27}.Release|Any CPU.Build.0 = Release|Any CPU
		{7E9F0F47-3AEF-4D68-AD86-12F4D3C2568C}.Debug|Any CPU.ActiveCfg = Debug|Any CPU
		{7E9F0F47-3AEF-4D68-AD86-12F4D3C2568C}.Debug|Any CPU.Build.0 = Debug|Any CPU
		{7E9F0F47-3AEF-4D68-AD86-12F4D3C2568C}.Release|Any CPU.ActiveCfg = Release|Any CPU
		{7E9F0F47-3AEF-4D68-AD86-12F4D3C2568C}.Release|Any CPU.Build.0 = Release|Any CPU
		{64BDBD28-2FAA-4A74-9C19-88716F86697E}.Debug|Any CPU.ActiveCfg = Debug|Any CPU
		{64BDBD28-2FAA-4A74-9C19-88716F86697E}.Debug|Any CPU.Build.0 = Debug|Any CPU
		{64BDBD28-2FAA-4A74-9C19-88716F86697E}.Release|Any CPU.ActiveCfg = Release|Any CPU
		{64BDBD28-2FAA-4A74-9C19-88716F86697E}.Release|Any CPU.Build.0 = Release|Any CPU
		{40A8F6E8-1085-48C0-8813-03EE79AE7EF5}.Debug|Any CPU.ActiveCfg = Debug|Any CPU
		{40A8F6E8-1085-48C0-8813-03EE79AE7EF5}.Debug|Any CPU.Build.0 = Debug|Any CPU
		{40A8F6E8-1085-48C0-8813-03EE79AE7EF5}.Release|Any CPU.ActiveCfg = Release|Any CPU
		{40A8F6E8-1085-48C0-8813-03EE79AE7EF5}.Release|Any CPU.Build.0 = Release|Any CPU
		{2F44A18D-C3F2-43D8-9D0B-5146911296A4}.Debug|Any CPU.ActiveCfg = Debug|Any CPU
		{2F44A18D-C3F2-43D8-9D0B-5146911296A4}.Debug|Any CPU.Build.0 = Debug|Any CPU
		{2F44A18D-C3F2-43D8-9D0B-5146911296A4}.Release|Any CPU.ActiveCfg = Release|Any CPU
		{2F44A18D-C3F2-43D8-9D0B-5146911296A4}.Release|Any CPU.Build.0 = Release|Any CPU
	EndGlobalSection
	GlobalSection(SolutionProperties) = preSolution
		HideSolutionNode = FALSE
	EndGlobalSection
	GlobalSection(NestedProjects) = preSolution
		{19956715-4ABC-4DF1-BF7F-6167E855E659} = {2D72DCD9-7965-4351-BD82-BA10882A7B46}
		{5271B924-C2DD-4C7A-BF15-4885DF73126B} = {3B246F1F-F430-48A8-A731-2B04CB3569DA}
		{BE214F53-EDC2-49AA-AA62-163CAA425AF5} = {2D72DCD9-7965-4351-BD82-BA10882A7B46}
		{BDE8E53F-94D9-43D7-A6E9-9F8B7EB3B86F} = {081CFE6C-CF31-4C06-A7BB-57AA2C39DBC0}
		{1816EC3D-7A7F-4295-A101-CD8576C79F27} = {081CFE6C-CF31-4C06-A7BB-57AA2C39DBC0}
		{7E9F0F47-3AEF-4D68-AD86-12F4D3C2568C} = {081CFE6C-CF31-4C06-A7BB-57AA2C39DBC0}
		{2F44A18D-C3F2-43D8-9D0B-5146911296A4} = {2D72DCD9-7965-4351-BD82-BA10882A7B46}
	EndGlobalSection
	GlobalSection(ExtensibilityGlobals) = postSolution
		SolutionGuid = {EF7F14D4-B634-4906-BC86-5DDD7598B9E5}
	EndGlobalSection
EndGlobal
