
Microsoft Visual Studio Solution File, Format Version 12.00
# Visual Studio Version 16
VisualStudioVersion = 16.0.29806.167
MinimumVisualStudioVersion = 10.0.40219.1
Project("{9A19103F-16F7-4668-BE54-9A1E7A4F7556}") = "HoneyComb", "src\HoneyComb\HoneyComb.csproj", "{08211FA1-595C-47BC-8324-CD7D4E1604E9}"
EndProject
Project("{9A19103F-16F7-4668-BE54-9A1E7A4F7556}") = "HoneyComb.WebApi", "src\HoneyComb.WebApi\HoneyComb.WebApi.csproj", "{19956715-4ABC-4DF1-BF7F-6167E855E659}"
EndProject
Project("{2150E333-8FDC-42A3-9474-1A3956D46DE8}") = "samples", "samples", "{3B246F1F-F430-48A8-A731-2B04CB3569DA}"
EndProject
Project("{9A19103F-16F7-4668-BE54-9A1E7A4F7556}") = "WebApi", "samples\WebApi\WebApi.csproj", "{5271B924-C2DD-4C7A-BF15-4885DF73126B}"
EndProject
Project("{9A19103F-16F7-4668-BE54-9A1E7A4F7556}") = "HoneyComb.CQRS.Events", "src\HoneyComb.CQRS.Events\HoneyComb.CQRS.Events.csproj", "{D6209F7F-62B3-4746-BDE5-BE736D29DBF6}"
EndProject
Project("{9A19103F-16F7-4668-BE54-9A1E7A4F7556}") = "HoneyComb.CQRS.Commands", "src\HoneyComb.CQRS.Commands\HoneyComb.CQRS.Commands.csproj", "{517026CF-79E8-4C44-AFA8-1B90695CCA72}"
EndProject
Project("{9A19103F-16F7-4668-BE54-9A1E7A4F7556}") = "HoneyComb.WebApi.CQRS", "src\HoneyComb.WebApi.CQRS\HoneyComb.WebApi.CQRS.csproj", "{BE214F53-EDC2-49AA-AA62-163CAA425AF5}"
EndProject
Project("{9A19103F-16F7-4668-BE54-9A1E7A4F7556}") = "HoneyComb.CQRS.Queries", "src\HoneyComb.CQRS.Queries\HoneyComb.CQRS.Queries.csproj", "{E605690D-5B95-4A3D-ABED-25515920B9B2}"
EndProject
Project("{9A19103F-16F7-4668-BE54-9A1E7A4F7556}") = "HoneyComb.MongoDB", "src\HoneyComb.MongoDB\HoneyComb.MongoDB.csproj", "{0FC8C3F9-7D93-4700-A19B-E9A9B06479D4}"
EndProject
Project("{FAE04EC0-301F-11D3-BF4B-00C04F79EFBC}") = "HoneyComb.HTTP", "src\HoneyComb.HTTP\HoneyComb.HTTP.csproj", "{AD92CA5C-EFDB-4FFF-87DE-C738F5861B92}"
EndProject
Global
	GlobalSection(SolutionConfigurationPlatforms) = preSolution
		Debug|Any CPU = Debug|Any CPU
		Release|Any CPU = Release|Any CPU
	EndGlobalSection
	GlobalSection(ProjectConfigurationPlatforms) = postSolution
		{08211FA1-595C-47BC-8324-CD7D4E1604E9}.Debug|Any CPU.ActiveCfg = Debug|Any CPU
		{08211FA1-595C-47BC-8324-CD7D4E1604E9}.Debug|Any CPU.Build.0 = Debug|Any CPU
		{08211FA1-595C-47BC-8324-CD7D4E1604E9}.Release|Any CPU.ActiveCfg = Release|Any CPU
		{08211FA1-595C-47BC-8324-CD7D4E1604E9}.Release|Any CPU.Build.0 = Release|Any CPU
		{19956715-4ABC-4DF1-BF7F-6167E855E659}.Debug|Any CPU.ActiveCfg = Debug|Any CPU
		{19956715-4ABC-4DF1-BF7F-6167E855E659}.Debug|Any CPU.Build.0 = Debug|Any CPU
		{19956715-4ABC-4DF1-BF7F-6167E855E659}.Release|Any CPU.ActiveCfg = Release|Any CPU
		{19956715-4ABC-4DF1-BF7F-6167E855E659}.Release|Any CPU.Build.0 = Release|Any CPU
		{5271B924-C2DD-4C7A-BF15-4885DF73126B}.Debug|Any CPU.ActiveCfg = Debug|Any CPU
		{5271B924-C2DD-4C7A-BF15-4885DF73126B}.Debug|Any CPU.Build.0 = Debug|Any CPU
		{5271B924-C2DD-4C7A-BF15-4885DF73126B}.Release|Any CPU.ActiveCfg = Release|Any CPU
		{5271B924-C2DD-4C7A-BF15-4885DF73126B}.Release|Any CPU.Build.0 = Release|Any CPU
		{D6209F7F-62B3-4746-BDE5-BE736D29DBF6}.Debug|Any CPU.ActiveCfg = Debug|Any CPU
		{D6209F7F-62B3-4746-BDE5-BE736D29DBF6}.Debug|Any CPU.Build.0 = Debug|Any CPU
		{D6209F7F-62B3-4746-BDE5-BE736D29DBF6}.Release|Any CPU.ActiveCfg = Release|Any CPU
		{D6209F7F-62B3-4746-BDE5-BE736D29DBF6}.Release|Any CPU.Build.0 = Release|Any CPU
		{517026CF-79E8-4C44-AFA8-1B90695CCA72}.Debug|Any CPU.ActiveCfg = Debug|Any CPU
		{517026CF-79E8-4C44-AFA8-1B90695CCA72}.Debug|Any CPU.Build.0 = Debug|Any CPU
		{517026CF-79E8-4C44-AFA8-1B90695CCA72}.Release|Any CPU.ActiveCfg = Release|Any CPU
		{517026CF-79E8-4C44-AFA8-1B90695CCA72}.Release|Any CPU.Build.0 = Release|Any CPU
		{BE214F53-EDC2-49AA-AA62-163CAA425AF5}.Debug|Any CPU.ActiveCfg = Debug|Any CPU
		{BE214F53-EDC2-49AA-AA62-163CAA425AF5}.Debug|Any CPU.Build.0 = Debug|Any CPU
		{BE214F53-EDC2-49AA-AA62-163CAA425AF5}.Release|Any CPU.ActiveCfg = Release|Any CPU
		{BE214F53-EDC2-49AA-AA62-163CAA425AF5}.Release|Any CPU.Build.0 = Release|Any CPU
		{E605690D-5B95-4A3D-ABED-25515920B9B2}.Debug|Any CPU.ActiveCfg = Debug|Any CPU
		{E605690D-5B95-4A3D-ABED-25515920B9B2}.Debug|Any CPU.Build.0 = Debug|Any CPU
		{E605690D-5B95-4A3D-ABED-25515920B9B2}.Release|Any CPU.ActiveCfg = Release|Any CPU
		{E605690D-5B95-4A3D-ABED-25515920B9B2}.Release|Any CPU.Build.0 = Release|Any CPU
		{0FC8C3F9-7D93-4700-A19B-E9A9B06479D4}.Debug|Any CPU.ActiveCfg = Debug|Any CPU
		{0FC8C3F9-7D93-4700-A19B-E9A9B06479D4}.Debug|Any CPU.Build.0 = Debug|Any CPU
		{0FC8C3F9-7D93-4700-A19B-E9A9B06479D4}.Release|Any CPU.ActiveCfg = Release|Any CPU
		{0FC8C3F9-7D93-4700-A19B-E9A9B06479D4}.Release|Any CPU.Build.0 = Release|Any CPU
		{AD92CA5C-EFDB-4FFF-87DE-C738F5861B92}.Debug|Any CPU.ActiveCfg = Debug|Any CPU
		{AD92CA5C-EFDB-4FFF-87DE-C738F5861B92}.Debug|Any CPU.Build.0 = Debug|Any CPU
		{AD92CA5C-EFDB-4FFF-87DE-C738F5861B92}.Release|Any CPU.ActiveCfg = Release|Any CPU
		{AD92CA5C-EFDB-4FFF-87DE-C738F5861B92}.Release|Any CPU.Build.0 = Release|Any CPU
	EndGlobalSection
	GlobalSection(SolutionProperties) = preSolution
		HideSolutionNode = FALSE
	EndGlobalSection
	GlobalSection(NestedProjects) = preSolution
		{5271B924-C2DD-4C7A-BF15-4885DF73126B} = {3B246F1F-F430-48A8-A731-2B04CB3569DA}
	EndGlobalSection
	GlobalSection(ExtensibilityGlobals) = postSolution
		SolutionGuid = {EF7F14D4-B634-4906-BC86-5DDD7598B9E5}
	EndGlobalSection
EndGlobal
